
Microsoft Visual Studio Solution File, Format Version 12.00
# Visual Studio Version 17
VisualStudioVersion = 17.0.31903.59
MinimumVisualStudioVersion = 10.0.40219.1
Project("{9A19103F-16F7-4668-BE54-9A1E7A4F7556}") = "aspnetcore-pack", "aspnetcore-pack\aspnetcore-pack.csproj", "{A6D33BB4-0A84-4C90-9BF5-035B69EC10A7}"
EndProject
Project("{2150E333-8FDC-42A3-9474-1A3956D46DE8}") = "Solution Items", "Solution Items", "{7D788D16-409A-4841-9DF9-265D66BE4BF8}"
	ProjectSection(SolutionItems) = preProject
		.gitignore = .gitignore
		.github\workflows\build.yml = .github\workflows\build.yml
	EndProjectSection
EndProject
Global
	GlobalSection(SolutionConfigurationPlatforms) = preSolution
		Debug|Any CPU = Debug|Any CPU
		Release|Any CPU = Release|Any CPU
	EndGlobalSection
	GlobalSection(ProjectConfigurationPlatforms) = postSolution
		{A6D33BB4-0A84-4C90-9BF5-035B69EC10A7}.Debug|Any CPU.ActiveCfg = Debug|Any CPU
		{A6D33BB4-0A84-4C90-9BF5-035B69EC10A7}.Debug|Any CPU.Build.0 = Debug|Any CPU
		{A6D33BB4-0A84-4C90-9BF5-035B69EC10A7}.Release|Any CPU.ActiveCfg = Release|Any CPU
		{A6D33BB4-0A84-4C90-9BF5-035B69EC10A7}.Release|Any CPU.Build.0 = Release|Any CPU
	EndGlobalSection
	GlobalSection(SolutionProperties) = preSolution
		HideSolutionNode = FALSE
	EndGlobalSection
	GlobalSection(ExtensibilityGlobals) = postSolution
		SolutionGuid = {2E846C8A-4264-40BF-B64E-893641363992}
	EndGlobalSection
EndGlobal
